
Microsoft Visual Studio Solution File, Format Version 12.00
# Visual Studio Version 16
VisualStudioVersion = 16.0.30907.101
MinimumVisualStudioVersion = 10.0.40219.1
Project("{2150E333-8FDC-42A3-9474-1A3956D46DE8}") = "Common", "Common", "{5917ABFC-E363-49F6-8289-A54F5F3C4586}"
EndProject
Project("{2150E333-8FDC-42A3-9474-1A3956D46DE8}") = "Services", "Services", "{31523896-5D7D-4244-A003-769C1783AC12}"
EndProject
Project("{2150E333-8FDC-42A3-9474-1A3956D46DE8}") = "UI", "UI", "{E19D155B-B270-4F67-917D-D3A6B9F4EEB1}"
EndProject
Project("{9A19103F-16F7-4668-BE54-9A1E7A4F7556}") = "WebStore.Domain", "Common\WebStore.Domain\WebStore.Domain.csproj", "{8BCD66E8-1497-487F-8C94-EA2254045661}"
EndProject
Project("{9A19103F-16F7-4668-BE54-9A1E7A4F7556}") = "WebStore.DAL", "Services\WebStore.DAL\WebStore.DAL.csproj", "{A878EF29-5EE4-406D-8441-AFEF3847A638}"
EndProject
Project("{9A19103F-16F7-4668-BE54-9A1E7A4F7556}") = "WebStore.DAL.Sqlite", "Services\WebStore.DAL.Sqlite\WebStore.DAL.Sqlite.csproj", "{C9CD4AA6-531B-47A1-B6FD-8E038B881CDD}"
EndProject
Project("{9A19103F-16F7-4668-BE54-9A1E7A4F7556}") = "WebStore", "UI\WebStore\WebStore.csproj", "{02CBA94B-B9B6-4228-BEDC-AD648B778D82}"
EndProject
Project("{9A19103F-16F7-4668-BE54-9A1E7A4F7556}") = "WebStore.Interfaces", "Services\WebStore.Interfaces\WebStore.Interfaces.csproj", "{ECC99702-620A-41BB-8189-E2BDF873FA3F}"
EndProject
Project("{9A19103F-16F7-4668-BE54-9A1E7A4F7556}") = "WebStore.Services", "Services\WebStore.Services\WebStore.Services.csproj", "{B1209C55-A4F2-430E-B9F4-34B230EF1685}"
EndProject
Project("{9A19103F-16F7-4668-BE54-9A1E7A4F7556}") = "WebStore.ServiceHosting", "Services\WebStore.ServiceHosting\WebStore.ServiceHosting.csproj", "{1C9458B4-F92B-4A03-8247-35B42CED0E84}"
EndProject
Project("{9A19103F-16F7-4668-BE54-9A1E7A4F7556}") = "WebStore.Client", "Services\WebStore.Client\WebStore.Client.csproj", "{BA2B6A85-7E41-4EF8-9AD7-667BED697C07}"
EndProject
Project("{FAE04EC0-301F-11D3-BF4B-00C04F79EFBC}") = "WebStore.ConsoleUI", "UI\WebStore.ConsoleUI\WebStore.ConsoleUI.csproj", "{E75D76FA-05DC-41FE-A73E-97AA59C82DCC}"
EndProject
Global
	GlobalSection(SolutionConfigurationPlatforms) = preSolution
		Debug|Any CPU = Debug|Any CPU
		Release|Any CPU = Release|Any CPU
	EndGlobalSection
	GlobalSection(ProjectConfigurationPlatforms) = postSolution
		{8BCD66E8-1497-487F-8C94-EA2254045661}.Debug|Any CPU.ActiveCfg = Debug|Any CPU
		{8BCD66E8-1497-487F-8C94-EA2254045661}.Debug|Any CPU.Build.0 = Debug|Any CPU
		{8BCD66E8-1497-487F-8C94-EA2254045661}.Release|Any CPU.ActiveCfg = Release|Any CPU
		{8BCD66E8-1497-487F-8C94-EA2254045661}.Release|Any CPU.Build.0 = Release|Any CPU
		{A878EF29-5EE4-406D-8441-AFEF3847A638}.Debug|Any CPU.ActiveCfg = Debug|Any CPU
		{A878EF29-5EE4-406D-8441-AFEF3847A638}.Debug|Any CPU.Build.0 = Debug|Any CPU
		{A878EF29-5EE4-406D-8441-AFEF3847A638}.Release|Any CPU.ActiveCfg = Release|Any CPU
		{A878EF29-5EE4-406D-8441-AFEF3847A638}.Release|Any CPU.Build.0 = Release|Any CPU
		{C9CD4AA6-531B-47A1-B6FD-8E038B881CDD}.Debug|Any CPU.ActiveCfg = Debug|Any CPU
		{C9CD4AA6-531B-47A1-B6FD-8E038B881CDD}.Debug|Any CPU.Build.0 = Debug|Any CPU
		{C9CD4AA6-531B-47A1-B6FD-8E038B881CDD}.Release|Any CPU.ActiveCfg = Release|Any CPU
		{C9CD4AA6-531B-47A1-B6FD-8E038B881CDD}.Release|Any CPU.Build.0 = Release|Any CPU
		{02CBA94B-B9B6-4228-BEDC-AD648B778D82}.Debug|Any CPU.ActiveCfg = Debug|Any CPU
		{02CBA94B-B9B6-4228-BEDC-AD648B778D82}.Debug|Any CPU.Build.0 = Debug|Any CPU
		{02CBA94B-B9B6-4228-BEDC-AD648B778D82}.Release|Any CPU.ActiveCfg = Release|Any CPU
		{02CBA94B-B9B6-4228-BEDC-AD648B778D82}.Release|Any CPU.Build.0 = Release|Any CPU
		{ECC99702-620A-41BB-8189-E2BDF873FA3F}.Debug|Any CPU.ActiveCfg = Debug|Any CPU
		{ECC99702-620A-41BB-8189-E2BDF873FA3F}.Debug|Any CPU.Build.0 = Debug|Any CPU
		{ECC99702-620A-41BB-8189-E2BDF873FA3F}.Release|Any CPU.ActiveCfg = Release|Any CPU
		{ECC99702-620A-41BB-8189-E2BDF873FA3F}.Release|Any CPU.Build.0 = Release|Any CPU
		{B1209C55-A4F2-430E-B9F4-34B230EF1685}.Debug|Any CPU.ActiveCfg = Debug|Any CPU
		{B1209C55-A4F2-430E-B9F4-34B230EF1685}.Debug|Any CPU.Build.0 = Debug|Any CPU
		{B1209C55-A4F2-430E-B9F4-34B230EF1685}.Release|Any CPU.ActiveCfg = Release|Any CPU
		{B1209C55-A4F2-430E-B9F4-34B230EF1685}.Release|Any CPU.Build.0 = Release|Any CPU
		{1C9458B4-F92B-4A03-8247-35B42CED0E84}.Debug|Any CPU.ActiveCfg = Debug|Any CPU
		{1C9458B4-F92B-4A03-8247-35B42CED0E84}.Debug|Any CPU.Build.0 = Debug|Any CPU
		{1C9458B4-F92B-4A03-8247-35B42CED0E84}.Release|Any CPU.ActiveCfg = Release|Any CPU
		{1C9458B4-F92B-4A03-8247-35B42CED0E84}.Release|Any CPU.Build.0 = Release|Any CPU
		{BA2B6A85-7E41-4EF8-9AD7-667BED697C07}.Debug|Any CPU.ActiveCfg = Debug|Any CPU
		{BA2B6A85-7E41-4EF8-9AD7-667BED697C07}.Debug|Any CPU.Build.0 = Debug|Any CPU
		{BA2B6A85-7E41-4EF8-9AD7-667BED697C07}.Release|Any CPU.ActiveCfg = Release|Any CPU
		{BA2B6A85-7E41-4EF8-9AD7-667BED697C07}.Release|Any CPU.Build.0 = Release|Any CPU
		{E75D76FA-05DC-41FE-A73E-97AA59C82DCC}.Debug|Any CPU.ActiveCfg = Debug|Any CPU
		{E75D76FA-05DC-41FE-A73E-97AA59C82DCC}.Debug|Any CPU.Build.0 = Debug|Any CPU
		{E75D76FA-05DC-41FE-A73E-97AA59C82DCC}.Release|Any CPU.ActiveCfg = Release|Any CPU
		{E75D76FA-05DC-41FE-A73E-97AA59C82DCC}.Release|Any CPU.Build.0 = Release|Any CPU
	EndGlobalSection
	GlobalSection(SolutionProperties) = preSolution
		HideSolutionNode = FALSE
	EndGlobalSection
	GlobalSection(NestedProjects) = preSolution
		{8BCD66E8-1497-487F-8C94-EA2254045661} = {5917ABFC-E363-49F6-8289-A54F5F3C4586}
		{A878EF29-5EE4-406D-8441-AFEF3847A638} = {31523896-5D7D-4244-A003-769C1783AC12}
		{C9CD4AA6-531B-47A1-B6FD-8E038B881CDD} = {31523896-5D7D-4244-A003-769C1783AC12}
		{02CBA94B-B9B6-4228-BEDC-AD648B778D82} = {E19D155B-B270-4F67-917D-D3A6B9F4EEB1}
		{ECC99702-620A-41BB-8189-E2BDF873FA3F} = {31523896-5D7D-4244-A003-769C1783AC12}
		{B1209C55-A4F2-430E-B9F4-34B230EF1685} = {31523896-5D7D-4244-A003-769C1783AC12}
		{1C9458B4-F92B-4A03-8247-35B42CED0E84} = {31523896-5D7D-4244-A003-769C1783AC12}
		{BA2B6A85-7E41-4EF8-9AD7-667BED697C07} = {31523896-5D7D-4244-A003-769C1783AC12}
		{E75D76FA-05DC-41FE-A73E-97AA59C82DCC} = {E19D155B-B270-4F67-917D-D3A6B9F4EEB1}
	EndGlobalSection
	GlobalSection(ExtensibilityGlobals) = postSolution
		SolutionGuid = {BDFA9143-4E70-4124-A3B1-3BDE04EC96EC}
	EndGlobalSection
EndGlobal
